
Microsoft Visual Studio Solution File, Format Version 12.00
# Visual Studio Version 17
VisualStudioVersion = 17.14.37216.2
MinimumVisualStudioVersion = 10.0.40219.1
Project("{FAE04EC0-301F-11D3-BF4B-00C04F79EFBC}") = "TelegramBot", "TelegramBot\TelegramBot.csproj", "{81485C35-5AB3-491A-B530-488FC69B069A}"
EndProject
Project("{911E67C6-3D85-4FCE-B560-20A9C3E3FF48}") = "yt-dlp", "TelegramBot\tools\yt-dlp.exe", "{824D0CC6-0978-C660-2095-61E64051C464}"
	ProjectSection(DebuggerProjectSystem) = preProject
		PortSupplier = 00000000-0000-0000-0000-000000000000
		Executable = C:\Users\Admin\Desktop\C#\Projects\TelegramBot\TelegramBot\tools\yt-dlp.exe
		RemoteMachine = EXA
		StartingDirectory = C:\Users\Admin\Desktop\C#\Projects\TelegramBot\TelegramBot\tools
		Environment = Default
		LaunchingEngine = 00000000-0000-0000-0000-000000000000
		UseLegacyDebugEngines = No
		LaunchSQLEngine = No
		AttachLaunchAction = No
		IORedirection = Auto
	EndProjectSection
EndProject
Global
	GlobalSection(SolutionConfigurationPlatforms) = preSolution
		Debug|Any CPU = Debug|Any CPU
		Debug|x64 = Debug|x64
		Release|Any CPU = Release|Any CPU
		Release|x64 = Release|x64
	EndGlobalSection
	GlobalSection(ProjectConfigurationPlatforms) = postSolution
		{81485C35-5AB3-491A-B530-488FC69B069A}.Debug|Any CPU.ActiveCfg = Debug|Any CPU
		{81485C35-5AB3-491A-B530-488FC69B069A}.Debug|Any CPU.Build.0 = Debug|Any CPU
		{81485C35-5AB3-491A-B530-488FC69B069A}.Debug|x64.ActiveCfg = Debug|Any CPU
		{81485C35-5AB3-491A-B530-488FC69B069A}.Debug|x64.Build.0 = Debug|Any CPU
		{81485C35-5AB3-491A-B530-488FC69B069A}.Release|Any CPU.ActiveCfg = Release|Any CPU
		{81485C35-5AB3-491A-B530-488FC69B069A}.Release|Any CPU.Build.0 = Release|Any CPU
		{81485C35-5AB3-491A-B530-488FC69B069A}.Release|x64.ActiveCfg = Release|Any CPU
		{81485C35-5AB3-491A-B530-488FC69B069A}.Release|x64.Build.0 = Release|Any CPU
		{824D0CC6-0978-C660-2095-61E64051C464}.Debug|Any CPU.ActiveCfg = Release|x64
		{824D0CC6-0978-C660-2095-61E64051C464}.Debug|x64.ActiveCfg = Release|x64
		{824D0CC6-0978-C660-2095-61E64051C464}.Release|Any CPU.ActiveCfg = Release|x64
		{824D0CC6-0978-C660-2095-61E64051C464}.Release|x64.ActiveCfg = Release|x64
	EndGlobalSection
	GlobalSection(SolutionProperties) = preSolution
		HideSolutionNode = FALSE
	EndGlobalSection
	GlobalSection(ExtensibilityGlobals) = postSolution
		SolutionGuid = {D1953D09-CE9D-40D8-8C75-592FC78AB2FF}
	EndGlobalSection
EndGlobal
